
Microsoft Visual Studio Solution File, Format Version 12.00
# Visual Studio 15
VisualStudioVersion = 15.0.28307.271
MinimumVisualStudioVersion = 10.0.40219.1
Project("{FAE04EC0-301F-11D3-BF4B-00C04F79EFBC}") = "SharedResources", "SharedResources\SharedResources.csproj", "{BB2AADCF-D1E1-42DE-AB97-FFD88F4A275C}"
EndProject
Project("{FAE04EC0-301F-11D3-BF4B-00C04F79EFBC}") = "SharedResourcesTest", "SharedResourcesTest\SharedResourcesTest.csproj", "{DEC37860-73CF-46FF-91D2-5EE103B6ACC3}"
EndProject
Global
	GlobalSection(SolutionConfigurationPlatforms) = preSolution
		Debug|Any CPU = Debug|Any CPU
		Release|Any CPU = Release|Any CPU
	EndGlobalSection
	GlobalSection(ProjectConfigurationPlatforms) = postSolution
		{BB2AADCF-D1E1-42DE-AB97-FFD88F4A275C}.Debug|Any CPU.ActiveCfg = Debug|Any CPU
		{BB2AADCF-D1E1-42DE-AB97-FFD88F4A275C}.Debug|Any CPU.Build.0 = Debug|Any CPU
		{BB2AADCF-D1E1-42DE-AB97-FFD88F4A275C}.Release|Any CPU.ActiveCfg = Release|Any CPU
		{BB2AADCF-D1E1-42DE-AB97-FFD88F4A275C}.Release|Any CPU.Build.0 = Release|Any CPU
		{DEC37860-73CF-46FF-91D2-5EE103B6ACC3}.Debug|Any CPU.ActiveCfg = Debug|Any CPU
		{DEC37860-73CF-46FF-91D2-5EE103B6ACC3}.Debug|Any CPU.Build.0 = Debug|Any CPU
		{DEC37860-73CF-46FF-91D2-5EE103B6ACC3}.Release|Any CPU.ActiveCfg = Release|Any CPU
		{DEC37860-73CF-46FF-91D2-5EE103B6ACC3}.Release|Any CPU.Build.0 = Release|Any CPU
	EndGlobalSection
	GlobalSection(SolutionProperties) = preSolution
		HideSolutionNode = FALSE
	EndGlobalSection
	GlobalSection(ExtensibilityGlobals) = postSolution
		SolutionGuid = {1AE0BA44-D8AA-4890-B3FE-F2C61EAFCEB2}
	EndGlobalSection
EndGlobal
