
Microsoft Visual Studio Solution File, Format Version 12.00
# Visual Studio 15
VisualStudioVersion = 15.0.28307.271
MinimumVisualStudioVersion = 10.0.40219.1
Project("{FAE04EC0-301F-11D3-BF4B-00C04F79EFBC}") = "Client", "Client\Client.csproj", "{2DAB74A3-87EA-44DA-AF09-7E2CC0BB9F4F}"
EndProject
Project("{D954291E-2A0B-460D-934E-DC6B0785DB48}") = "Shared", "..\Shared\Shared\Shared.shproj", "{AC426B38-A9C8-4649-B9B2-3E755BD5AAB0}"
EndProject
Project("{FAE04EC0-301F-11D3-BF4B-00C04F79EFBC}") = "ClientTest", "ClientTest\ClientTest.csproj", "{A65FD4BD-C7F2-48A3-88A5-E35F119D70CA}"
EndProject
Global
	GlobalSection(SharedMSBuildProjectFiles) = preSolution
		..\Shared\Shared\Shared.projitems*{2dab74a3-87ea-44da-af09-7e2cc0bb9f4f}*SharedItemsImports = 4
		..\Shared\Shared\Shared.projitems*{a65fd4bd-c7f2-48a3-88a5-e35f119d70ca}*SharedItemsImports = 4
		..\Shared\Shared\Shared.projitems*{ac426b38-a9c8-4649-b9b2-3e755bd5aab0}*SharedItemsImports = 13
	EndGlobalSection
	GlobalSection(SolutionConfigurationPlatforms) = preSolution
		Debug|Any CPU = Debug|Any CPU
		Release|Any CPU = Release|Any CPU
	EndGlobalSection
	GlobalSection(ProjectConfigurationPlatforms) = postSolution
		{2DAB74A3-87EA-44DA-AF09-7E2CC0BB9F4F}.Debug|Any CPU.ActiveCfg = Debug|Any CPU
		{2DAB74A3-87EA-44DA-AF09-7E2CC0BB9F4F}.Debug|Any CPU.Build.0 = Debug|Any CPU
		{2DAB74A3-87EA-44DA-AF09-7E2CC0BB9F4F}.Release|Any CPU.ActiveCfg = Release|Any CPU
		{2DAB74A3-87EA-44DA-AF09-7E2CC0BB9F4F}.Release|Any CPU.Build.0 = Release|Any CPU
		{A65FD4BD-C7F2-48A3-88A5-E35F119D70CA}.Debug|Any CPU.ActiveCfg = Debug|Any CPU
		{A65FD4BD-C7F2-48A3-88A5-E35F119D70CA}.Debug|Any CPU.Build.0 = Debug|Any CPU
		{A65FD4BD-C7F2-48A3-88A5-E35F119D70CA}.Release|Any CPU.ActiveCfg = Release|Any CPU
		{A65FD4BD-C7F2-48A3-88A5-E35F119D70CA}.Release|Any CPU.Build.0 = Release|Any CPU
	EndGlobalSection
	GlobalSection(SolutionProperties) = preSolution
		HideSolutionNode = FALSE
	EndGlobalSection
	GlobalSection(ExtensibilityGlobals) = postSolution
		SolutionGuid = {B9D62D51-7F7E-4503-BE91-E62CA3D26900}
	EndGlobalSection
EndGlobal
