
Microsoft Visual Studio Solution File, Format Version 12.00
# Visual Studio 15
VisualStudioVersion = 15.0.28307.271
MinimumVisualStudioVersion = 10.0.40219.1
Project("{FAE04EC0-301F-11D3-BF4B-00C04F79EFBC}") = "Client", "Client\Client.csproj", "{2DAB74A3-87EA-44DA-AF09-7E2CC0BB9F4F}"
EndProject
Project("{FAE04EC0-301F-11D3-BF4B-00C04F79EFBC}") = "ClientTest", "ClientTest\ClientTest.csproj", "{A65FD4BD-C7F2-48A3-88A5-E35F119D70CA}"
EndProject
Project("{FAE04EC0-301F-11D3-BF4B-00C04F79EFBC}") = "SharedResources", "..\SharedResources\SharedResources\SharedResources.csproj", "{BB2AADCF-D1E1-42DE-AB97-FFD88F4A275C}"
EndProject
Global
	GlobalSection(SolutionConfigurationPlatforms) = preSolution
		Debug|Any CPU = Debug|Any CPU
		Release|Any CPU = Release|Any CPU
	EndGlobalSection
	GlobalSection(ProjectConfigurationPlatforms) = postSolution
		{2DAB74A3-87EA-44DA-AF09-7E2CC0BB9F4F}.Debug|Any CPU.ActiveCfg = Debug|Any CPU
		{2DAB74A3-87EA-44DA-AF09-7E2CC0BB9F4F}.Debug|Any CPU.Build.0 = Debug|Any CPU
		{2DAB74A3-87EA-44DA-AF09-7E2CC0BB9F4F}.Release|Any CPU.ActiveCfg = Release|Any CPU
		{2DAB74A3-87EA-44DA-AF09-7E2CC0BB9F4F}.Release|Any CPU.Build.0 = Release|Any CPU
		{A65FD4BD-C7F2-48A3-88A5-E35F119D70CA}.Debug|Any CPU.ActiveCfg = Debug|Any CPU
		{A65FD4BD-C7F2-48A3-88A5-E35F119D70CA}.Debug|Any CPU.Build.0 = Debug|Any CPU
		{A65FD4BD-C7F2-48A3-88A5-E35F119D70CA}.Release|Any CPU.ActiveCfg = Release|Any CPU
		{A65FD4BD-C7F2-48A3-88A5-E35F119D70CA}.Release|Any CPU.Build.0 = Release|Any CPU
		{BB2AADCF-D1E1-42DE-AB97-FFD88F4A275C}.Debug|Any CPU.ActiveCfg = Debug|Any CPU
		{BB2AADCF-D1E1-42DE-AB97-FFD88F4A275C}.Debug|Any CPU.Build.0 = Debug|Any CPU
		{BB2AADCF-D1E1-42DE-AB97-FFD88F4A275C}.Release|Any CPU.ActiveCfg = Release|Any CPU
		{BB2AADCF-D1E1-42DE-AB97-FFD88F4A275C}.Release|Any CPU.Build.0 = Release|Any CPU
	EndGlobalSection
	GlobalSection(SolutionProperties) = preSolution
		HideSolutionNode = FALSE
	EndGlobalSection
	GlobalSection(ExtensibilityGlobals) = postSolution
		SolutionGuid = {B9D62D51-7F7E-4503-BE91-E62CA3D26900}
	EndGlobalSection
EndGlobal
