
Microsoft Visual Studio Solution File, Format Version 12.00
# Visual Studio 15
VisualStudioVersion = 15.0.28307.271
MinimumVisualStudioVersion = 10.0.40219.1
Project("{FAE04EC0-301F-11D3-BF4B-00C04F79EFBC}") = "Broker", "Broker\Broker.csproj", "{119356C1-8CD5-41D3-98B6-2D914F684FF2}"
EndProject
Project("{FAE04EC0-301F-11D3-BF4B-00C04F79EFBC}") = "StockServer", "StockServer\StockServer.csproj", "{2EE7AF62-96A2-4F63-B2BF-CE7C616573D2}"
EndProject
Project("{FAE04EC0-301F-11D3-BF4B-00C04F79EFBC}") = "Client", "Client\Client.csproj", "{2DAB74A3-87EA-44DA-AF09-7E2CC0BB9F4F}"
EndProject
Project("{D954291E-2A0B-460D-934E-DC6B0785DB48}") = "Shared", "Shared\Shared.shproj", "{2C324B0A-48C5-4374-A9D2-32CAD33C906D}"
EndProject
Global
	GlobalSection(SharedMSBuildProjectFiles) = preSolution
		Shared\Shared.projitems*{119356c1-8cd5-41d3-98b6-2d914f684ff2}*SharedItemsImports = 4
		Shared\Shared.projitems*{2c324b0a-48c5-4374-a9d2-32cad33c906d}*SharedItemsImports = 13
		Shared\Shared.projitems*{2dab74a3-87ea-44da-af09-7e2cc0bb9f4f}*SharedItemsImports = 4
		Shared\Shared.projitems*{2ee7af62-96a2-4f63-b2bf-ce7c616573d2}*SharedItemsImports = 4
	EndGlobalSection
	GlobalSection(SolutionConfigurationPlatforms) = preSolution
		Debug|Any CPU = Debug|Any CPU
		Release|Any CPU = Release|Any CPU
	EndGlobalSection
	GlobalSection(ProjectConfigurationPlatforms) = postSolution
		{119356C1-8CD5-41D3-98B6-2D914F684FF2}.Debug|Any CPU.ActiveCfg = Debug|Any CPU
		{119356C1-8CD5-41D3-98B6-2D914F684FF2}.Debug|Any CPU.Build.0 = Debug|Any CPU
		{119356C1-8CD5-41D3-98B6-2D914F684FF2}.Release|Any CPU.ActiveCfg = Release|Any CPU
		{119356C1-8CD5-41D3-98B6-2D914F684FF2}.Release|Any CPU.Build.0 = Release|Any CPU
		{2EE7AF62-96A2-4F63-B2BF-CE7C616573D2}.Debug|Any CPU.ActiveCfg = Debug|Any CPU
		{2EE7AF62-96A2-4F63-B2BF-CE7C616573D2}.Debug|Any CPU.Build.0 = Debug|Any CPU
		{2EE7AF62-96A2-4F63-B2BF-CE7C616573D2}.Release|Any CPU.ActiveCfg = Release|Any CPU
		{2EE7AF62-96A2-4F63-B2BF-CE7C616573D2}.Release|Any CPU.Build.0 = Release|Any CPU
		{2DAB74A3-87EA-44DA-AF09-7E2CC0BB9F4F}.Debug|Any CPU.ActiveCfg = Debug|Any CPU
		{2DAB74A3-87EA-44DA-AF09-7E2CC0BB9F4F}.Debug|Any CPU.Build.0 = Debug|Any CPU
		{2DAB74A3-87EA-44DA-AF09-7E2CC0BB9F4F}.Release|Any CPU.ActiveCfg = Release|Any CPU
		{2DAB74A3-87EA-44DA-AF09-7E2CC0BB9F4F}.Release|Any CPU.Build.0 = Release|Any CPU
	EndGlobalSection
	GlobalSection(SolutionProperties) = preSolution
		HideSolutionNode = FALSE
	EndGlobalSection
	GlobalSection(ExtensibilityGlobals) = postSolution
		SolutionGuid = {B9D62D51-7F7E-4503-BE91-E62CA3D26900}
	EndGlobalSection
EndGlobal
